
Microsoft Visual Studio Solution File, Format Version 12.00
# Visual Studio Version 17
VisualStudioVersion = 17.3.32929.385
MinimumVisualStudioVersion = 10.0.40219.1
Project("{FAE04EC0-301F-11D3-BF4B-00C04F79EFBC}") = "database-connection", "database-connection\database-connection.csproj", "{F1088D80-ED62-4FA3-8B2D-80E8AD016E6F}"
EndProject
Global
	GlobalSection(SolutionConfigurationPlatforms) = preSolution
		Debug|Any CPU = Debug|Any CPU
		Release|Any CPU = Release|Any CPU
	EndGlobalSection
	GlobalSection(ProjectConfigurationPlatforms) = postSolution
		{F1088D80-ED62-4FA3-8B2D-80E8AD016E6F}.Debug|Any CPU.ActiveCfg = Debug|Any CPU
		{F1088D80-ED62-4FA3-8B2D-80E8AD016E6F}.Debug|Any CPU.Build.0 = Debug|Any CPU
		{F1088D80-ED62-4FA3-8B2D-80E8AD016E6F}.Release|Any CPU.ActiveCfg = Release|Any CPU
		{F1088D80-ED62-4FA3-8B2D-80E8AD016E6F}.Release|Any CPU.Build.0 = Release|Any CPU
	EndGlobalSection
	GlobalSection(SolutionProperties) = preSolution
		HideSolutionNode = FALSE
	EndGlobalSection
	GlobalSection(ExtensibilityGlobals) = postSolution
		SolutionGuid = {6BEA359F-712B-4E17-878D-EB0F54A65096}
	EndGlobalSection
EndGlobal
