
Microsoft Visual Studio Solution File, Format Version 12.00
# Visual Studio Version 17
VisualStudioVersion = 17.3.32929.385
MinimumVisualStudioVersion = 10.0.40219.1
Project("{9A19103F-16F7-4668-BE54-9A1E7A4F7556}") = "Aggregates-func", "ConsoleApp1\Aggregates-func.csproj", "{53F89618-2E41-4D57-BA99-FCBBB8188305}"
EndProject
Project("{9A19103F-16F7-4668-BE54-9A1E7A4F7556}") = "NORMAL function", "NORMAL function\NORMAL function.csproj", "{A3CA538F-19B6-4942-84AB-F1D7BD8BA8D5}"
EndProject
Project("{9A19103F-16F7-4668-BE54-9A1E7A4F7556}") = "Restrication_opeartor", "Restrication_opeartor\Restrication_opeartor.csproj", "{66C217CF-C4C2-4395-B790-F4A696BD133D}"
EndProject
Project("{9A19103F-16F7-4668-BE54-9A1E7A4F7556}") = "Projection-operator", "Projection-operator\Projection-operator.csproj", "{8DCE5A5F-3E2B-48FF-8C62-FB3A9DF10AE3}"
EndProject
Project("{9A19103F-16F7-4668-BE54-9A1E7A4F7556}") = "ordering_operator", "ordering_operator\ordering_operator.csproj", "{BFFF155E-62A8-4DAE-8BE9-4CC172DF3451}"
EndProject
Project("{9A19103F-16F7-4668-BE54-9A1E7A4F7556}") = "partitioning_operators", "partitioning_operators\partitioning_operators.csproj", "{7D9E6404-F059-41E2-B020-C6988DE85B9E}"
EndProject
Project("{9A19103F-16F7-4668-BE54-9A1E7A4F7556}") = "deferred_operators", "deferred_operators\deferred_operators.csproj", "{9765C022-4534-476D-B8DC-7235F24D38BF}"
EndProject
Project("{FAE04EC0-301F-11D3-BF4B-00C04F79EFBC}") = "conversion_operator", "conversion_operator\conversion_operator.csproj", "{B84E6989-ACAB-4A92-91A0-0F924A64A2B3}"
EndProject
Global
	GlobalSection(SolutionConfigurationPlatforms) = preSolution
		Debug|Any CPU = Debug|Any CPU
		Release|Any CPU = Release|Any CPU
	EndGlobalSection
	GlobalSection(ProjectConfigurationPlatforms) = postSolution
		{53F89618-2E41-4D57-BA99-FCBBB8188305}.Debug|Any CPU.ActiveCfg = Debug|Any CPU
		{53F89618-2E41-4D57-BA99-FCBBB8188305}.Debug|Any CPU.Build.0 = Debug|Any CPU
		{53F89618-2E41-4D57-BA99-FCBBB8188305}.Release|Any CPU.ActiveCfg = Release|Any CPU
		{53F89618-2E41-4D57-BA99-FCBBB8188305}.Release|Any CPU.Build.0 = Release|Any CPU
		{A3CA538F-19B6-4942-84AB-F1D7BD8BA8D5}.Debug|Any CPU.ActiveCfg = Debug|Any CPU
		{A3CA538F-19B6-4942-84AB-F1D7BD8BA8D5}.Debug|Any CPU.Build.0 = Debug|Any CPU
		{A3CA538F-19B6-4942-84AB-F1D7BD8BA8D5}.Release|Any CPU.ActiveCfg = Release|Any CPU
		{A3CA538F-19B6-4942-84AB-F1D7BD8BA8D5}.Release|Any CPU.Build.0 = Release|Any CPU
		{66C217CF-C4C2-4395-B790-F4A696BD133D}.Debug|Any CPU.ActiveCfg = Debug|Any CPU
		{66C217CF-C4C2-4395-B790-F4A696BD133D}.Debug|Any CPU.Build.0 = Debug|Any CPU
		{66C217CF-C4C2-4395-B790-F4A696BD133D}.Release|Any CPU.ActiveCfg = Release|Any CPU
		{66C217CF-C4C2-4395-B790-F4A696BD133D}.Release|Any CPU.Build.0 = Release|Any CPU
		{8DCE5A5F-3E2B-48FF-8C62-FB3A9DF10AE3}.Debug|Any CPU.ActiveCfg = Debug|Any CPU
		{8DCE5A5F-3E2B-48FF-8C62-FB3A9DF10AE3}.Debug|Any CPU.Build.0 = Debug|Any CPU
		{8DCE5A5F-3E2B-48FF-8C62-FB3A9DF10AE3}.Release|Any CPU.ActiveCfg = Release|Any CPU
		{8DCE5A5F-3E2B-48FF-8C62-FB3A9DF10AE3}.Release|Any CPU.Build.0 = Release|Any CPU
		{BFFF155E-62A8-4DAE-8BE9-4CC172DF3451}.Debug|Any CPU.ActiveCfg = Debug|Any CPU
		{BFFF155E-62A8-4DAE-8BE9-4CC172DF3451}.Debug|Any CPU.Build.0 = Debug|Any CPU
		{BFFF155E-62A8-4DAE-8BE9-4CC172DF3451}.Release|Any CPU.ActiveCfg = Release|Any CPU
		{BFFF155E-62A8-4DAE-8BE9-4CC172DF3451}.Release|Any CPU.Build.0 = Release|Any CPU
		{7D9E6404-F059-41E2-B020-C6988DE85B9E}.Debug|Any CPU.ActiveCfg = Debug|Any CPU
		{7D9E6404-F059-41E2-B020-C6988DE85B9E}.Debug|Any CPU.Build.0 = Debug|Any CPU
		{7D9E6404-F059-41E2-B020-C6988DE85B9E}.Release|Any CPU.ActiveCfg = Release|Any CPU
		{7D9E6404-F059-41E2-B020-C6988DE85B9E}.Release|Any CPU.Build.0 = Release|Any CPU
		{9765C022-4534-476D-B8DC-7235F24D38BF}.Debug|Any CPU.ActiveCfg = Debug|Any CPU
		{9765C022-4534-476D-B8DC-7235F24D38BF}.Debug|Any CPU.Build.0 = Debug|Any CPU
		{9765C022-4534-476D-B8DC-7235F24D38BF}.Release|Any CPU.ActiveCfg = Release|Any CPU
		{9765C022-4534-476D-B8DC-7235F24D38BF}.Release|Any CPU.Build.0 = Release|Any CPU
		{B84E6989-ACAB-4A92-91A0-0F924A64A2B3}.Debug|Any CPU.ActiveCfg = Debug|Any CPU
		{B84E6989-ACAB-4A92-91A0-0F924A64A2B3}.Debug|Any CPU.Build.0 = Debug|Any CPU
		{B84E6989-ACAB-4A92-91A0-0F924A64A2B3}.Release|Any CPU.ActiveCfg = Release|Any CPU
		{B84E6989-ACAB-4A92-91A0-0F924A64A2B3}.Release|Any CPU.Build.0 = Release|Any CPU
	EndGlobalSection
	GlobalSection(SolutionProperties) = preSolution
		HideSolutionNode = FALSE
	EndGlobalSection
	GlobalSection(ExtensibilityGlobals) = postSolution
		SolutionGuid = {9E9EB31B-C165-40A0-9533-79109B6D9DFA}
	EndGlobalSection
EndGlobal
