
Microsoft Visual Studio Solution File, Format Version 12.00
# Visual Studio Version 17
VisualStudioVersion = 17.3.32929.385
MinimumVisualStudioVersion = 10.0.40219.1
Project("{FAE04EC0-301F-11D3-BF4B-00C04F79EFBC}") = "NZWalks", "NZWalks\NZWalks.csproj", "{CBF682F5-2DBD-4BAC-818C-DC918643162E}"
EndProject
Global
	GlobalSection(SolutionConfigurationPlatforms) = preSolution
		Debug|Any CPU = Debug|Any CPU
		Release|Any CPU = Release|Any CPU
	EndGlobalSection
	GlobalSection(ProjectConfigurationPlatforms) = postSolution
		{CBF682F5-2DBD-4BAC-818C-DC918643162E}.Debug|Any CPU.ActiveCfg = Debug|Any CPU
		{CBF682F5-2DBD-4BAC-818C-DC918643162E}.Debug|Any CPU.Build.0 = Debug|Any CPU
		{CBF682F5-2DBD-4BAC-818C-DC918643162E}.Release|Any CPU.ActiveCfg = Release|Any CPU
		{CBF682F5-2DBD-4BAC-818C-DC918643162E}.Release|Any CPU.Build.0 = Release|Any CPU
	EndGlobalSection
	GlobalSection(SolutionProperties) = preSolution
		HideSolutionNode = FALSE
	EndGlobalSection
	GlobalSection(ExtensibilityGlobals) = postSolution
		SolutionGuid = {89E10599-E8DB-4E5D-8EBE-A26EAD508B24}
	EndGlobalSection
EndGlobal
