
Microsoft Visual Studio Solution File, Format Version 12.00
# Visual Studio Version 17
VisualStudioVersion = 17.3.32929.385
MinimumVisualStudioVersion = 10.0.40219.1
Project("{9A19103F-16F7-4668-BE54-9A1E7A4F7556}") = "access-modifier", "access-modifier\access-modifier.csproj", "{21F5B57F-7D35-4BDE-9869-DF1A131CA576}"
EndProject
Project("{FAE04EC0-301F-11D3-BF4B-00C04F79EFBC}") = "internal_check", "internal_check\internal_check.csproj", "{D92684B5-96CE-4AF2-9101-414CF1C2D3FE}"
EndProject
Project("{FAE04EC0-301F-11D3-BF4B-00C04F79EFBC}") = "internal_Protected_check", "internal_Protected_check\internal_Protected_check.csproj", "{C5DEED18-F169-466F-B963-39A3266903FA}"
EndProject
Global
	GlobalSection(SolutionConfigurationPlatforms) = preSolution
		Debug|Any CPU = Debug|Any CPU
		Release|Any CPU = Release|Any CPU
	EndGlobalSection
	GlobalSection(ProjectConfigurationPlatforms) = postSolution
		{21F5B57F-7D35-4BDE-9869-DF1A131CA576}.Debug|Any CPU.ActiveCfg = Debug|Any CPU
		{21F5B57F-7D35-4BDE-9869-DF1A131CA576}.Debug|Any CPU.Build.0 = Debug|Any CPU
		{21F5B57F-7D35-4BDE-9869-DF1A131CA576}.Release|Any CPU.ActiveCfg = Release|Any CPU
		{21F5B57F-7D35-4BDE-9869-DF1A131CA576}.Release|Any CPU.Build.0 = Release|Any CPU
		{D92684B5-96CE-4AF2-9101-414CF1C2D3FE}.Debug|Any CPU.ActiveCfg = Debug|Any CPU
		{D92684B5-96CE-4AF2-9101-414CF1C2D3FE}.Debug|Any CPU.Build.0 = Debug|Any CPU
		{D92684B5-96CE-4AF2-9101-414CF1C2D3FE}.Release|Any CPU.ActiveCfg = Release|Any CPU
		{D92684B5-96CE-4AF2-9101-414CF1C2D3FE}.Release|Any CPU.Build.0 = Release|Any CPU
		{C5DEED18-F169-466F-B963-39A3266903FA}.Debug|Any CPU.ActiveCfg = Debug|Any CPU
		{C5DEED18-F169-466F-B963-39A3266903FA}.Debug|Any CPU.Build.0 = Debug|Any CPU
		{C5DEED18-F169-466F-B963-39A3266903FA}.Release|Any CPU.ActiveCfg = Release|Any CPU
		{C5DEED18-F169-466F-B963-39A3266903FA}.Release|Any CPU.Build.0 = Release|Any CPU
	EndGlobalSection
	GlobalSection(SolutionProperties) = preSolution
		HideSolutionNode = FALSE
	EndGlobalSection
	GlobalSection(ExtensibilityGlobals) = postSolution
		SolutionGuid = {24DFDF10-1AF3-4360-9A77-916A138F91E0}
	EndGlobalSection
EndGlobal
