
Microsoft Visual Studio Solution File, Format Version 12.00
# Visual Studio Version 17
VisualStudioVersion = 17.3.32929.385
MinimumVisualStudioVersion = 10.0.40219.1
Project("{FAE04EC0-301F-11D3-BF4B-00C04F79EFBC}") = "calci", "calci\calci.csproj", "{178A3E63-B8D3-44A2-B1DB-EAA0C85EA41D}"
EndProject
Global
	GlobalSection(SolutionConfigurationPlatforms) = preSolution
		Debug|Any CPU = Debug|Any CPU
		Release|Any CPU = Release|Any CPU
	EndGlobalSection
	GlobalSection(ProjectConfigurationPlatforms) = postSolution
		{178A3E63-B8D3-44A2-B1DB-EAA0C85EA41D}.Debug|Any CPU.ActiveCfg = Debug|Any CPU
		{178A3E63-B8D3-44A2-B1DB-EAA0C85EA41D}.Debug|Any CPU.Build.0 = Debug|Any CPU
		{178A3E63-B8D3-44A2-B1DB-EAA0C85EA41D}.Release|Any CPU.ActiveCfg = Release|Any CPU
		{178A3E63-B8D3-44A2-B1DB-EAA0C85EA41D}.Release|Any CPU.Build.0 = Release|Any CPU
	EndGlobalSection
	GlobalSection(SolutionProperties) = preSolution
		HideSolutionNode = FALSE
	EndGlobalSection
	GlobalSection(ExtensibilityGlobals) = postSolution
		SolutionGuid = {5E64F9A0-42C6-4741-ADD7-31EE0F8BFB7F}
	EndGlobalSection
EndGlobal
